
Microsoft Visual Studio Solution File, Format Version 12.00
# Visual Studio 15
VisualStudioVersion = 15.0.26730.15
MinimumVisualStudioVersion = 10.0.40219.1
Project("{FAE04EC0-301F-11D3-BF4B-00C04F79EFBC}") = "Repository", "Repository\Repository.csproj", "{B0195940-7D63-49E4-BFBC-9F80984223CD}"
EndProject
Project("{FAE04EC0-301F-11D3-BF4B-00C04F79EFBC}") = "Repository.EntityFramework", "Repository.EntityFramework\Repository.EntityFramework.csproj", "{928F822D-3F8A-404E-B4CC-53620B91D5C5}"
EndProject
Project("{FAE04EC0-301F-11D3-BF4B-00C04F79EFBC}") = "ConsoleAppTest", "ConsoleAppTest\ConsoleAppTest.csproj", "{ADBB0404-9EC9-46BE-94EA-395A28B8F71F}"
EndProject
Global
	GlobalSection(SolutionConfigurationPlatforms) = preSolution
		Debug|Any CPU = Debug|Any CPU
		Release|Any CPU = Release|Any CPU
	EndGlobalSection
	GlobalSection(ProjectConfigurationPlatforms) = postSolution
		{B0195940-7D63-49E4-BFBC-9F80984223CD}.Debug|Any CPU.ActiveCfg = Debug|Any CPU
		{B0195940-7D63-49E4-BFBC-9F80984223CD}.Debug|Any CPU.Build.0 = Debug|Any CPU
		{B0195940-7D63-49E4-BFBC-9F80984223CD}.Release|Any CPU.ActiveCfg = Release|Any CPU
		{B0195940-7D63-49E4-BFBC-9F80984223CD}.Release|Any CPU.Build.0 = Release|Any CPU
		{928F822D-3F8A-404E-B4CC-53620B91D5C5}.Debug|Any CPU.ActiveCfg = Debug|Any CPU
		{928F822D-3F8A-404E-B4CC-53620B91D5C5}.Debug|Any CPU.Build.0 = Debug|Any CPU
		{928F822D-3F8A-404E-B4CC-53620B91D5C5}.Release|Any CPU.ActiveCfg = Release|Any CPU
		{928F822D-3F8A-404E-B4CC-53620B91D5C5}.Release|Any CPU.Build.0 = Release|Any CPU
		{ADBB0404-9EC9-46BE-94EA-395A28B8F71F}.Debug|Any CPU.ActiveCfg = Debug|Any CPU
		{ADBB0404-9EC9-46BE-94EA-395A28B8F71F}.Debug|Any CPU.Build.0 = Debug|Any CPU
		{ADBB0404-9EC9-46BE-94EA-395A28B8F71F}.Release|Any CPU.ActiveCfg = Release|Any CPU
		{ADBB0404-9EC9-46BE-94EA-395A28B8F71F}.Release|Any CPU.Build.0 = Release|Any CPU
	EndGlobalSection
	GlobalSection(SolutionProperties) = preSolution
		HideSolutionNode = FALSE
	EndGlobalSection
	GlobalSection(ExtensibilityGlobals) = postSolution
		SolutionGuid = {CC9ABD0A-0401-480B-977A-6E1387421291}
	EndGlobalSection
EndGlobal
